
Microsoft Visual Studio Solution File, Format Version 12.00
# Visual Studio Version 16
VisualStudioVersion = 16.0.29009.5
MinimumVisualStudioVersion = 10.0.40219.1
Project("{FAE04EC0-301F-11D3-BF4B-00C04F79EFBC}") = "WindowsFormsApp1", "WindowsFormsApp1\WindowsFormsApp1.csproj", "{FD2DD2C8-5132-4663-BD7B-9211B8E85088}"
EndProject
Global
	GlobalSection(SolutionConfigurationPlatforms) = preSolution
		Debug|Any CPU = Debug|Any CPU
		Release|Any CPU = Release|Any CPU
	EndGlobalSection
	GlobalSection(ProjectConfigurationPlatforms) = postSolution
		{FD2DD2C8-5132-4663-BD7B-9211B8E85088}.Debug|Any CPU.ActiveCfg = Debug|Any CPU
		{FD2DD2C8-5132-4663-BD7B-9211B8E85088}.Debug|Any CPU.Build.0 = Debug|Any CPU
		{FD2DD2C8-5132-4663-BD7B-9211B8E85088}.Release|Any CPU.ActiveCfg = Release|Any CPU
		{FD2DD2C8-5132-4663-BD7B-9211B8E85088}.Release|Any CPU.Build.0 = Release|Any CPU
	EndGlobalSection
	GlobalSection(SolutionProperties) = preSolution
		HideSolutionNode = FALSE
	EndGlobalSection
	GlobalSection(ExtensibilityGlobals) = postSolution
		SolutionGuid = {B24ACBC2-9362-49F0-BBDA-63669E739A84}
	EndGlobalSection
EndGlobal
