
Microsoft Visual Studio Solution File, Format Version 12.00
# Visual Studio Version 16
VisualStudioVersion = 16.0.28922.388
MinimumVisualStudioVersion = 10.0.40219.1
Project("{FAE04EC0-301F-11D3-BF4B-00C04F79EFBC}") = "prueba_1", "prueba_1\prueba_1.csproj", "{104049E9-E926-4FDB-A467-9110061A4EB6}"
EndProject
Global
	GlobalSection(SolutionConfigurationPlatforms) = preSolution
		Debug|Any CPU = Debug|Any CPU
		Release|Any CPU = Release|Any CPU
	EndGlobalSection
	GlobalSection(ProjectConfigurationPlatforms) = postSolution
		{104049E9-E926-4FDB-A467-9110061A4EB6}.Debug|Any CPU.ActiveCfg = Debug|Any CPU
		{104049E9-E926-4FDB-A467-9110061A4EB6}.Debug|Any CPU.Build.0 = Debug|Any CPU
		{104049E9-E926-4FDB-A467-9110061A4EB6}.Release|Any CPU.ActiveCfg = Release|Any CPU
		{104049E9-E926-4FDB-A467-9110061A4EB6}.Release|Any CPU.Build.0 = Release|Any CPU
	EndGlobalSection
	GlobalSection(SolutionProperties) = preSolution
		HideSolutionNode = FALSE
	EndGlobalSection
	GlobalSection(ExtensibilityGlobals) = postSolution
		SolutionGuid = {0C28716D-2BC8-48CF-A6B0-57D774B4DA3E}
	EndGlobalSection
EndGlobal
