
Microsoft Visual Studio Solution File, Format Version 12.00
# Visual Studio Version 16
VisualStudioVersion = 16.0.29009.5
MinimumVisualStudioVersion = 10.0.40219.1
Project("{FAE04EC0-301F-11D3-BF4B-00C04F79EFBC}") = "Prueba4", "Prueba4\Prueba4.csproj", "{51626274-7309-41E8-AEE2-57345B0EF3B6}"
EndProject
Global
	GlobalSection(SolutionConfigurationPlatforms) = preSolution
		Debug|Any CPU = Debug|Any CPU
		Release|Any CPU = Release|Any CPU
	EndGlobalSection
	GlobalSection(ProjectConfigurationPlatforms) = postSolution
		{51626274-7309-41E8-AEE2-57345B0EF3B6}.Debug|Any CPU.ActiveCfg = Debug|Any CPU
		{51626274-7309-41E8-AEE2-57345B0EF3B6}.Debug|Any CPU.Build.0 = Debug|Any CPU
		{51626274-7309-41E8-AEE2-57345B0EF3B6}.Release|Any CPU.ActiveCfg = Release|Any CPU
		{51626274-7309-41E8-AEE2-57345B0EF3B6}.Release|Any CPU.Build.0 = Release|Any CPU
	EndGlobalSection
	GlobalSection(SolutionProperties) = preSolution
		HideSolutionNode = FALSE
	EndGlobalSection
	GlobalSection(ExtensibilityGlobals) = postSolution
		SolutionGuid = {FDE3C380-9854-429F-9EB8-6B8FA337223D}
	EndGlobalSection
EndGlobal
